
Microsoft Visual Studio Solution File, Format Version 12.00
# Visual Studio Version 17
VisualStudioVersion = 17.11.35431.28
MinimumVisualStudioVersion = 10.0.40219.1
Project("{A07B5EB6-E848-4116-A8D0-A826331D98C6}") = "SFADOStateless", "SFADOStateless\SFADOStateless.sfproj", "{FC43E042-390F-4C3C-BA46-0C2CB45E5858}"
EndProject
Project("{FAE04EC0-301F-11D3-BF4B-00C04F79EFBC}") = "Stateless1", "Stateless1\Stateless1.csproj", "{B23EFDBE-46BE-4254-927F-559791F80A91}"
EndProject
Global
	GlobalSection(SolutionConfigurationPlatforms) = preSolution
		Debug|Any CPU = Debug|Any CPU
		Debug|x64 = Debug|x64
		Release|Any CPU = Release|Any CPU
		Release|x64 = Release|x64
	EndGlobalSection
	GlobalSection(ProjectConfigurationPlatforms) = postSolution
		{FC43E042-390F-4C3C-BA46-0C2CB45E5858}.Debug|Any CPU.ActiveCfg = Debug|x64
		{FC43E042-390F-4C3C-BA46-0C2CB45E5858}.Debug|Any CPU.Build.0 = Debug|x64
		{FC43E042-390F-4C3C-BA46-0C2CB45E5858}.Debug|Any CPU.Deploy.0 = Debug|x64
		{FC43E042-390F-4C3C-BA46-0C2CB45E5858}.Debug|x64.ActiveCfg = Debug|x64
		{FC43E042-390F-4C3C-BA46-0C2CB45E5858}.Debug|x64.Build.0 = Debug|x64
		{FC43E042-390F-4C3C-BA46-0C2CB45E5858}.Debug|x64.Deploy.0 = Debug|x64
		{FC43E042-390F-4C3C-BA46-0C2CB45E5858}.Release|Any CPU.ActiveCfg = Release|x64
		{FC43E042-390F-4C3C-BA46-0C2CB45E5858}.Release|Any CPU.Build.0 = Release|x64
		{FC43E042-390F-4C3C-BA46-0C2CB45E5858}.Release|Any CPU.Deploy.0 = Release|x64
		{FC43E042-390F-4C3C-BA46-0C2CB45E5858}.Release|x64.ActiveCfg = Release|x64
		{FC43E042-390F-4C3C-BA46-0C2CB45E5858}.Release|x64.Build.0 = Release|x64
		{FC43E042-390F-4C3C-BA46-0C2CB45E5858}.Release|x64.Deploy.0 = Release|x64
		{B23EFDBE-46BE-4254-927F-559791F80A91}.Debug|Any CPU.ActiveCfg = Debug|Any CPU
		{B23EFDBE-46BE-4254-927F-559791F80A91}.Debug|Any CPU.Build.0 = Debug|Any CPU
		{B23EFDBE-46BE-4254-927F-559791F80A91}.Debug|x64.ActiveCfg = Debug|Any CPU
		{B23EFDBE-46BE-4254-927F-559791F80A91}.Debug|x64.Build.0 = Debug|Any CPU
		{B23EFDBE-46BE-4254-927F-559791F80A91}.Release|Any CPU.ActiveCfg = Release|Any CPU
		{B23EFDBE-46BE-4254-927F-559791F80A91}.Release|Any CPU.Build.0 = Release|Any CPU
		{B23EFDBE-46BE-4254-927F-559791F80A91}.Release|x64.ActiveCfg = Release|Any CPU
		{B23EFDBE-46BE-4254-927F-559791F80A91}.Release|x64.Build.0 = Release|Any CPU
	EndGlobalSection
	GlobalSection(SolutionProperties) = preSolution
		HideSolutionNode = FALSE
	EndGlobalSection
	GlobalSection(ExtensibilityGlobals) = postSolution
		SolutionGuid = {9905C340-F81F-4DE2-B64A-148073C36BAA}
	EndGlobalSection
EndGlobal
